
Microsoft Visual Studio Solution File, Format Version 12.00
# Visual Studio 15
VisualStudioVersion = 15.0.26403.3
MinimumVisualStudioVersion = 10.0.40219.1
Project("{FAE04EC0-301F-11D3-BF4B-00C04F79EFBC}") = "BeyondCompareSQLitePlugin.Model.Test", "BeyondCompareSQLitePlugin.Model.Test\BeyondCompareSQLitePlugin.Model.Test.csproj", "{850C40BF-B007-464C-94F3-68E07A914BDB}"
EndProject
Project("{FAE04EC0-301F-11D3-BF4B-00C04F79EFBC}") = "BeyondCompareSQLitePlugin", "BeyondCompareSQLitePlugin\BeyondCompareSQLitePlugin.csproj", "{8B4103F4-6059-4338-B375-3028E9B2B44C}"
EndProject
Project("{FAE04EC0-301F-11D3-BF4B-00C04F79EFBC}") = "BeyondCompareSQLitePlugin.Model", "BeyondCompareSQLitePlugin.Model\BeyondCompareSQLitePlugin.Model.csproj", "{ACE94D06-23A1-4F48-9667-9526C9C646B4}"
EndProject
Project("{FAE04EC0-301F-11D3-BF4B-00C04F79EFBC}") = "BeyondCompareSQLitePlugin.Test", "BeyondCompareSQLitePlugin.Test\BeyondCompareSQLitePlugin.Test.csproj", "{5BEE472F-4733-4788-91FE-4154926581AA}"
EndProject
Project("{FAE04EC0-301F-11D3-BF4B-00C04F79EFBC}") = "SQLiteComparer", "SQLiteComparer\SQLiteComparer.csproj", "{219B3219-A077-47CF-96A0-425B08C1E967}"
EndProject
Project("{FAE04EC0-301F-11D3-BF4B-00C04F79EFBC}") = "SQLiteComparer.Test", "SQLiteComparer.Test\SQLiteComparer.Test.csproj", "{4D5225BF-1D67-4E19-810C-CFF84A39E1C6}"
EndProject
Global
	GlobalSection(SolutionConfigurationPlatforms) = preSolution
		Debug|Any CPU = Debug|Any CPU
		Release|Any CPU = Release|Any CPU
	EndGlobalSection
	GlobalSection(ProjectConfigurationPlatforms) = postSolution
		{850C40BF-B007-464C-94F3-68E07A914BDB}.Debug|Any CPU.ActiveCfg = Debug|Any CPU
		{850C40BF-B007-464C-94F3-68E07A914BDB}.Debug|Any CPU.Build.0 = Debug|Any CPU
		{850C40BF-B007-464C-94F3-68E07A914BDB}.Release|Any CPU.ActiveCfg = Release|Any CPU
		{850C40BF-B007-464C-94F3-68E07A914BDB}.Release|Any CPU.Build.0 = Release|Any CPU
		{8B4103F4-6059-4338-B375-3028E9B2B44C}.Debug|Any CPU.ActiveCfg = Debug|Any CPU
		{8B4103F4-6059-4338-B375-3028E9B2B44C}.Debug|Any CPU.Build.0 = Debug|Any CPU
		{8B4103F4-6059-4338-B375-3028E9B2B44C}.Release|Any CPU.ActiveCfg = Release|Any CPU
		{8B4103F4-6059-4338-B375-3028E9B2B44C}.Release|Any CPU.Build.0 = Release|Any CPU
		{ACE94D06-23A1-4F48-9667-9526C9C646B4}.Debug|Any CPU.ActiveCfg = Debug|Any CPU
		{ACE94D06-23A1-4F48-9667-9526C9C646B4}.Debug|Any CPU.Build.0 = Debug|Any CPU
		{ACE94D06-23A1-4F48-9667-9526C9C646B4}.Release|Any CPU.ActiveCfg = Release|Any CPU
		{ACE94D06-23A1-4F48-9667-9526C9C646B4}.Release|Any CPU.Build.0 = Release|Any CPU
		{5BEE472F-4733-4788-91FE-4154926581AA}.Debug|Any CPU.ActiveCfg = Debug|Any CPU
		{5BEE472F-4733-4788-91FE-4154926581AA}.Debug|Any CPU.Build.0 = Debug|Any CPU
		{5BEE472F-4733-4788-91FE-4154926581AA}.Release|Any CPU.ActiveCfg = Release|Any CPU
		{5BEE472F-4733-4788-91FE-4154926581AA}.Release|Any CPU.Build.0 = Release|Any CPU
		{219B3219-A077-47CF-96A0-425B08C1E967}.Debug|Any CPU.ActiveCfg = Debug|Any CPU
		{219B3219-A077-47CF-96A0-425B08C1E967}.Debug|Any CPU.Build.0 = Debug|Any CPU
		{219B3219-A077-47CF-96A0-425B08C1E967}.Release|Any CPU.ActiveCfg = Release|Any CPU
		{219B3219-A077-47CF-96A0-425B08C1E967}.Release|Any CPU.Build.0 = Release|Any CPU
		{4D5225BF-1D67-4E19-810C-CFF84A39E1C6}.Debug|Any CPU.ActiveCfg = Debug|Any CPU
		{4D5225BF-1D67-4E19-810C-CFF84A39E1C6}.Debug|Any CPU.Build.0 = Debug|Any CPU
		{4D5225BF-1D67-4E19-810C-CFF84A39E1C6}.Release|Any CPU.ActiveCfg = Release|Any CPU
		{4D5225BF-1D67-4E19-810C-CFF84A39E1C6}.Release|Any CPU.Build.0 = Release|Any CPU
	EndGlobalSection
	GlobalSection(SolutionProperties) = preSolution
		HideSolutionNode = FALSE
	EndGlobalSection
	GlobalSection(ExtensibilityGlobals) = postSolution
		SolutionGuid = {64A940B4-1ADB-4281-ABD7-37DCE9E093AD}
	EndGlobalSection
EndGlobal
