
Microsoft Visual Studio Solution File, Format Version 12.00
# Visual Studio 2013
VisualStudioVersion = 12.0.30723.0
MinimumVisualStudioVersion = 10.0.40219.1
Project("{FAE04EC0-301F-11D3-BF4B-00C04F79EFBC}") = "BeyondCompareSqlLite.CLI", "BeyondCompareSqlLite\BeyondCompareSqlLite.CLI.csproj", "{8B4103F4-6059-4338-B375-3028E9B2B44C}"
EndProject
Project("{FAE04EC0-301F-11D3-BF4B-00C04F79EFBC}") = "BeyondCompareSqlLite.Test", "BeyondCompareSqlLite.Test\BeyondCompareSqlLite.Test.csproj", "{5BEE472F-4733-4788-91FE-4154926581AA}"
EndProject
Project("{FAE04EC0-301F-11D3-BF4B-00C04F79EFBC}") = "BeyondCompareSqlLite.Model", "BeyondCompareSqlLite.Model\BeyondCompareSqlLite.Model.csproj", "{ACE94D06-23A1-4F48-9667-9526C9C646B4}"
EndProject
Global
	GlobalSection(SolutionConfigurationPlatforms) = preSolution
		Debug|Any CPU = Debug|Any CPU
		Release|Any CPU = Release|Any CPU
	EndGlobalSection
	GlobalSection(ProjectConfigurationPlatforms) = postSolution
		{8B4103F4-6059-4338-B375-3028E9B2B44C}.Debug|Any CPU.ActiveCfg = Debug|Any CPU
		{8B4103F4-6059-4338-B375-3028E9B2B44C}.Debug|Any CPU.Build.0 = Debug|Any CPU
		{8B4103F4-6059-4338-B375-3028E9B2B44C}.Release|Any CPU.ActiveCfg = Release|Any CPU
		{8B4103F4-6059-4338-B375-3028E9B2B44C}.Release|Any CPU.Build.0 = Release|Any CPU
		{5BEE472F-4733-4788-91FE-4154926581AA}.Debug|Any CPU.ActiveCfg = Debug|Any CPU
		{5BEE472F-4733-4788-91FE-4154926581AA}.Debug|Any CPU.Build.0 = Debug|Any CPU
		{5BEE472F-4733-4788-91FE-4154926581AA}.Release|Any CPU.ActiveCfg = Release|Any CPU
		{5BEE472F-4733-4788-91FE-4154926581AA}.Release|Any CPU.Build.0 = Release|Any CPU
		{ACE94D06-23A1-4F48-9667-9526C9C646B4}.Debug|Any CPU.ActiveCfg = Debug|Any CPU
		{ACE94D06-23A1-4F48-9667-9526C9C646B4}.Debug|Any CPU.Build.0 = Debug|Any CPU
		{ACE94D06-23A1-4F48-9667-9526C9C646B4}.Release|Any CPU.ActiveCfg = Release|Any CPU
		{ACE94D06-23A1-4F48-9667-9526C9C646B4}.Release|Any CPU.Build.0 = Release|Any CPU
	EndGlobalSection
	GlobalSection(SolutionProperties) = preSolution
		HideSolutionNode = FALSE
	EndGlobalSection
EndGlobal
